
Microsoft Visual Studio Solution File, Format Version 12.00
# Visual Studio 2012
Project("{FAE04EC0-301F-11D3-BF4B-00C04F79EFBC}") = "zzProject.Utils", "zzProject.Utils\zzProject.Utils.csproj", "{71A7BF92-6D5A-458E-82DC-2A915AC9B597}"
EndProject
Global
	GlobalSection(SolutionConfigurationPlatforms) = preSolution
		Debug|Any CPU = Debug|Any CPU
		Release|Any CPU = Release|Any CPU
	EndGlobalSection
	GlobalSection(ProjectConfigurationPlatforms) = postSolution
		{71A7BF92-6D5A-458E-82DC-2A915AC9B597}.Debug|Any CPU.ActiveCfg = Debug|Any CPU
		{71A7BF92-6D5A-458E-82DC-2A915AC9B597}.Debug|Any CPU.Build.0 = Debug|Any CPU
		{71A7BF92-6D5A-458E-82DC-2A915AC9B597}.Release|Any CPU.ActiveCfg = Release|Any CPU
		{71A7BF92-6D5A-458E-82DC-2A915AC9B597}.Release|Any CPU.Build.0 = Release|Any CPU
	EndGlobalSection
	GlobalSection(SolutionProperties) = preSolution
		HideSolutionNode = FALSE
	EndGlobalSection
EndGlobal
